
Microsoft Visual Studio Solution File, Format Version 12.00
# Visual Studio 15
VisualStudioVersion = 15.0.28307.168
MinimumVisualStudioVersion = 10.0.40219.1
Project("{FAE04EC0-301F-11D3-BF4B-00C04F79EFBC}") = "SigobMobile.Android", "SigobMobile\SigobMobile.Android\SigobMobile.Android.csproj", "{736EC376-F90C-4279-A49D-202FD2535A90}"
EndProject
Project("{FAE04EC0-301F-11D3-BF4B-00C04F79EFBC}") = "SigobMobile.iOS", "SigobMobile\SigobMobile.iOS\SigobMobile.iOS.csproj", "{D163B896-3658-4A7F-BE75-C921ABF431DA}"
EndProject
Project("{9A19103F-16F7-4668-BE54-9A1E7A4F7556}") = "SigobMobile", "SigobMobile\SigobMobile\SigobMobile.csproj", "{C32D7C61-54DD-4CF8-B3AF-C6E5B9728358}"
EndProject
Global
	GlobalSection(SolutionConfigurationPlatforms) = preSolution
		Ad-Hoc|Any CPU = Ad-Hoc|Any CPU
		Ad-Hoc|iPhone = Ad-Hoc|iPhone
		Ad-Hoc|iPhoneSimulator = Ad-Hoc|iPhoneSimulator
		AppStore|Any CPU = AppStore|Any CPU
		AppStore|iPhone = AppStore|iPhone
		AppStore|iPhoneSimulator = AppStore|iPhoneSimulator
		Debug|Any CPU = Debug|Any CPU
		Debug|iPhone = Debug|iPhone
		Debug|iPhoneSimulator = Debug|iPhoneSimulator
		Release|Any CPU = Release|Any CPU
		Release|iPhone = Release|iPhone
		Release|iPhoneSimulator = Release|iPhoneSimulator
	EndGlobalSection
	GlobalSection(ProjectConfigurationPlatforms) = postSolution
		{736EC376-F90C-4279-A49D-202FD2535A90}.Ad-Hoc|Any CPU.ActiveCfg = Release|Any CPU
		{736EC376-F90C-4279-A49D-202FD2535A90}.Ad-Hoc|Any CPU.Build.0 = Release|Any CPU
		{736EC376-F90C-4279-A49D-202FD2535A90}.Ad-Hoc|Any CPU.Deploy.0 = Release|Any CPU
		{736EC376-F90C-4279-A49D-202FD2535A90}.Ad-Hoc|iPhone.ActiveCfg = Release|Any CPU
		{736EC376-F90C-4279-A49D-202FD2535A90}.Ad-Hoc|iPhone.Build.0 = Release|Any CPU
		{736EC376-F90C-4279-A49D-202FD2535A90}.Ad-Hoc|iPhone.Deploy.0 = Release|Any CPU
		{736EC376-F90C-4279-A49D-202FD2535A90}.Ad-Hoc|iPhoneSimulator.ActiveCfg = Release|Any CPU
		{736EC376-F90C-4279-A49D-202FD2535A90}.Ad-Hoc|iPhoneSimulator.Build.0 = Release|Any CPU
		{736EC376-F90C-4279-A49D-202FD2535A90}.Ad-Hoc|iPhoneSimulator.Deploy.0 = Release|Any CPU
		{736EC376-F90C-4279-A49D-202FD2535A90}.AppStore|Any CPU.ActiveCfg = Release|Any CPU
		{736EC376-F90C-4279-A49D-202FD2535A90}.AppStore|Any CPU.Build.0 = Release|Any CPU
		{736EC376-F90C-4279-A49D-202FD2535A90}.AppStore|Any CPU.Deploy.0 = Release|Any CPU
		{736EC376-F90C-4279-A49D-202FD2535A90}.AppStore|iPhone.ActiveCfg = Release|Any CPU
		{736EC376-F90C-4279-A49D-202FD2535A90}.AppStore|iPhone.Build.0 = Release|Any CPU
		{736EC376-F90C-4279-A49D-202FD2535A90}.AppStore|iPhone.Deploy.0 = Release|Any CPU
		{736EC376-F90C-4279-A49D-202FD2535A90}.AppStore|iPhoneSimulator.ActiveCfg = Release|Any CPU
		{736EC376-F90C-4279-A49D-202FD2535A90}.AppStore|iPhoneSimulator.Build.0 = Release|Any CPU
		{736EC376-F90C-4279-A49D-202FD2535A90}.AppStore|iPhoneSimulator.Deploy.0 = Release|Any CPU
		{736EC376-F90C-4279-A49D-202FD2535A90}.Debug|Any CPU.ActiveCfg = Debug|Any CPU
		{736EC376-F90C-4279-A49D-202FD2535A90}.Debug|Any CPU.Build.0 = Debug|Any CPU
		{736EC376-F90C-4279-A49D-202FD2535A90}.Debug|Any CPU.Deploy.0 = Debug|Any CPU
		{736EC376-F90C-4279-A49D-202FD2535A90}.Debug|iPhone.ActiveCfg = Debug|Any CPU
		{736EC376-F90C-4279-A49D-202FD2535A90}.Debug|iPhone.Build.0 = Debug|Any CPU
		{736EC376-F90C-4279-A49D-202FD2535A90}.Debug|iPhone.Deploy.0 = Debug|Any CPU
		{736EC376-F90C-4279-A49D-202FD2535A90}.Debug|iPhoneSimulator.ActiveCfg = Debug|Any CPU
		{736EC376-F90C-4279-A49D-202FD2535A90}.Debug|iPhoneSimulator.Build.0 = Debug|Any CPU
		{736EC376-F90C-4279-A49D-202FD2535A90}.Debug|iPhoneSimulator.Deploy.0 = Debug|Any CPU
		{736EC376-F90C-4279-A49D-202FD2535A90}.Release|Any CPU.ActiveCfg = Release|Any CPU
		{736EC376-F90C-4279-A49D-202FD2535A90}.Release|Any CPU.Build.0 = Release|Any CPU
		{736EC376-F90C-4279-A49D-202FD2535A90}.Release|Any CPU.Deploy.0 = Release|Any CPU
		{736EC376-F90C-4279-A49D-202FD2535A90}.Release|iPhone.ActiveCfg = Release|Any CPU
		{736EC376-F90C-4279-A49D-202FD2535A90}.Release|iPhone.Build.0 = Release|Any CPU
		{736EC376-F90C-4279-A49D-202FD2535A90}.Release|iPhone.Deploy.0 = Release|Any CPU
		{736EC376-F90C-4279-A49D-202FD2535A90}.Release|iPhoneSimulator.ActiveCfg = Release|Any CPU
		{736EC376-F90C-4279-A49D-202FD2535A90}.Release|iPhoneSimulator.Build.0 = Release|Any CPU
		{736EC376-F90C-4279-A49D-202FD2535A90}.Release|iPhoneSimulator.Deploy.0 = Release|Any CPU
		{D163B896-3658-4A7F-BE75-C921ABF431DA}.Ad-Hoc|Any CPU.ActiveCfg = Ad-Hoc|iPhone
		{D163B896-3658-4A7F-BE75-C921ABF431DA}.Ad-Hoc|Any CPU.Build.0 = Ad-Hoc|iPhone
		{D163B896-3658-4A7F-BE75-C921ABF431DA}.Ad-Hoc|Any CPU.Deploy.0 = Ad-Hoc|iPhone
		{D163B896-3658-4A7F-BE75-C921ABF431DA}.Ad-Hoc|iPhone.ActiveCfg = Ad-Hoc|iPhone
		{D163B896-3658-4A7F-BE75-C921ABF431DA}.Ad-Hoc|iPhone.Build.0 = Ad-Hoc|iPhone
		{D163B896-3658-4A7F-BE75-C921ABF431DA}.Ad-Hoc|iPhone.Deploy.0 = Ad-Hoc|iPhone
		{D163B896-3658-4A7F-BE75-C921ABF431DA}.Ad-Hoc|iPhoneSimulator.ActiveCfg = Ad-Hoc|iPhoneSimulator
		{D163B896-3658-4A7F-BE75-C921ABF431DA}.Ad-Hoc|iPhoneSimulator.Build.0 = Ad-Hoc|iPhoneSimulator
		{D163B896-3658-4A7F-BE75-C921ABF431DA}.Ad-Hoc|iPhoneSimulator.Deploy.0 = Ad-Hoc|iPhoneSimulator
		{D163B896-3658-4A7F-BE75-C921ABF431DA}.AppStore|Any CPU.ActiveCfg = AppStore|iPhone
		{D163B896-3658-4A7F-BE75-C921ABF431DA}.AppStore|Any CPU.Build.0 = AppStore|iPhone
		{D163B896-3658-4A7F-BE75-C921ABF431DA}.AppStore|Any CPU.Deploy.0 = AppStore|iPhone
		{D163B896-3658-4A7F-BE75-C921ABF431DA}.AppStore|iPhone.ActiveCfg = AppStore|iPhone
		{D163B896-3658-4A7F-BE75-C921ABF431DA}.AppStore|iPhone.Build.0 = AppStore|iPhone
		{D163B896-3658-4A7F-BE75-C921ABF431DA}.AppStore|iPhone.Deploy.0 = AppStore|iPhone
		{D163B896-3658-4A7F-BE75-C921ABF431DA}.AppStore|iPhoneSimulator.ActiveCfg = AppStore|iPhoneSimulator
		{D163B896-3658-4A7F-BE75-C921ABF431DA}.AppStore|iPhoneSimulator.Build.0 = AppStore|iPhoneSimulator
		{D163B896-3658-4A7F-BE75-C921ABF431DA}.AppStore|iPhoneSimulator.Deploy.0 = AppStore|iPhoneSimulator
		{D163B896-3658-4A7F-BE75-C921ABF431DA}.Debug|Any CPU.ActiveCfg = Debug|iPhone
		{D163B896-3658-4A7F-BE75-C921ABF431DA}.Debug|Any CPU.Build.0 = Debug|iPhone
		{D163B896-3658-4A7F-BE75-C921ABF431DA}.Debug|Any CPU.Deploy.0 = Debug|iPhone
		{D163B896-3658-4A7F-BE75-C921ABF431DA}.Debug|iPhone.ActiveCfg = Debug|iPhone
		{D163B896-3658-4A7F-BE75-C921ABF431DA}.Debug|iPhone.Build.0 = Debug|iPhone
		{D163B896-3658-4A7F-BE75-C921ABF431DA}.Debug|iPhone.Deploy.0 = Debug|iPhone
		{D163B896-3658-4A7F-BE75-C921ABF431DA}.Debug|iPhoneSimulator.ActiveCfg = Debug|iPhoneSimulator
		{D163B896-3658-4A7F-BE75-C921ABF431DA}.Debug|iPhoneSimulator.Build.0 = Debug|iPhoneSimulator
		{D163B896-3658-4A7F-BE75-C921ABF431DA}.Debug|iPhoneSimulator.Deploy.0 = Debug|iPhoneSimulator
		{D163B896-3658-4A7F-BE75-C921ABF431DA}.Release|Any CPU.ActiveCfg = Release|iPhone
		{D163B896-3658-4A7F-BE75-C921ABF431DA}.Release|Any CPU.Build.0 = Release|iPhone
		{D163B896-3658-4A7F-BE75-C921ABF431DA}.Release|Any CPU.Deploy.0 = Release|iPhone
		{D163B896-3658-4A7F-BE75-C921ABF431DA}.Release|iPhone.ActiveCfg = Release|iPhone
		{D163B896-3658-4A7F-BE75-C921ABF431DA}.Release|iPhone.Build.0 = Release|iPhone
		{D163B896-3658-4A7F-BE75-C921ABF431DA}.Release|iPhone.Deploy.0 = Release|iPhone
		{D163B896-3658-4A7F-BE75-C921ABF431DA}.Release|iPhoneSimulator.ActiveCfg = Release|iPhoneSimulator
		{D163B896-3658-4A7F-BE75-C921ABF431DA}.Release|iPhoneSimulator.Build.0 = Release|iPhoneSimulator
		{D163B896-3658-4A7F-BE75-C921ABF431DA}.Release|iPhoneSimulator.Deploy.0 = Release|iPhoneSimulator
		{C32D7C61-54DD-4CF8-B3AF-C6E5B9728358}.Ad-Hoc|Any CPU.ActiveCfg = Debug|Any CPU
		{C32D7C61-54DD-4CF8-B3AF-C6E5B9728358}.Ad-Hoc|Any CPU.Build.0 = Debug|Any CPU
		{C32D7C61-54DD-4CF8-B3AF-C6E5B9728358}.Ad-Hoc|Any CPU.Deploy.0 = Debug|Any CPU
		{C32D7C61-54DD-4CF8-B3AF-C6E5B9728358}.Ad-Hoc|iPhone.ActiveCfg = Debug|Any CPU
		{C32D7C61-54DD-4CF8-B3AF-C6E5B9728358}.Ad-Hoc|iPhone.Build.0 = Debug|Any CPU
		{C32D7C61-54DD-4CF8-B3AF-C6E5B9728358}.Ad-Hoc|iPhone.Deploy.0 = Debug|Any CPU
		{C32D7C61-54DD-4CF8-B3AF-C6E5B9728358}.Ad-Hoc|iPhoneSimulator.ActiveCfg = Debug|Any CPU
		{C32D7C61-54DD-4CF8-B3AF-C6E5B9728358}.Ad-Hoc|iPhoneSimulator.Build.0 = Debug|Any CPU
		{C32D7C61-54DD-4CF8-B3AF-C6E5B9728358}.Ad-Hoc|iPhoneSimulator.Deploy.0 = Debug|Any CPU
		{C32D7C61-54DD-4CF8-B3AF-C6E5B9728358}.AppStore|Any CPU.ActiveCfg = Debug|Any CPU
		{C32D7C61-54DD-4CF8-B3AF-C6E5B9728358}.AppStore|Any CPU.Build.0 = Debug|Any CPU
		{C32D7C61-54DD-4CF8-B3AF-C6E5B9728358}.AppStore|Any CPU.Deploy.0 = Debug|Any CPU
		{C32D7C61-54DD-4CF8-B3AF-C6E5B9728358}.AppStore|iPhone.ActiveCfg = Debug|Any CPU
		{C32D7C61-54DD-4CF8-B3AF-C6E5B9728358}.AppStore|iPhone.Build.0 = Debug|Any CPU
		{C32D7C61-54DD-4CF8-B3AF-C6E5B9728358}.AppStore|iPhone.Deploy.0 = Debug|Any CPU
		{C32D7C61-54DD-4CF8-B3AF-C6E5B9728358}.AppStore|iPhoneSimulator.ActiveCfg = Debug|Any CPU
		{C32D7C61-54DD-4CF8-B3AF-C6E5B9728358}.AppStore|iPhoneSimulator.Build.0 = Debug|Any CPU
		{C32D7C61-54DD-4CF8-B3AF-C6E5B9728358}.AppStore|iPhoneSimulator.Deploy.0 = Debug|Any CPU
		{C32D7C61-54DD-4CF8-B3AF-C6E5B9728358}.Debug|Any CPU.ActiveCfg = Debug|Any CPU
		{C32D7C61-54DD-4CF8-B3AF-C6E5B9728358}.Debug|Any CPU.Build.0 = Debug|Any CPU
		{C32D7C61-54DD-4CF8-B3AF-C6E5B9728358}.Debug|Any CPU.Deploy.0 = Debug|Any CPU
		{C32D7C61-54DD-4CF8-B3AF-C6E5B9728358}.Debug|iPhone.ActiveCfg = Debug|Any CPU
		{C32D7C61-54DD-4CF8-B3AF-C6E5B9728358}.Debug|iPhone.Build.0 = Debug|Any CPU
		{C32D7C61-54DD-4CF8-B3AF-C6E5B9728358}.Debug|iPhone.Deploy.0 = Debug|Any CPU
		{C32D7C61-54DD-4CF8-B3AF-C6E5B9728358}.Debug|iPhoneSimulator.ActiveCfg = Debug|Any CPU
		{C32D7C61-54DD-4CF8-B3AF-C6E5B9728358}.Debug|iPhoneSimulator.Build.0 = Debug|Any CPU
		{C32D7C61-54DD-4CF8-B3AF-C6E5B9728358}.Debug|iPhoneSimulator.Deploy.0 = Debug|Any CPU
		{C32D7C61-54DD-4CF8-B3AF-C6E5B9728358}.Release|Any CPU.ActiveCfg = Release|Any CPU
		{C32D7C61-54DD-4CF8-B3AF-C6E5B9728358}.Release|Any CPU.Build.0 = Release|Any CPU
		{C32D7C61-54DD-4CF8-B3AF-C6E5B9728358}.Release|Any CPU.Deploy.0 = Release|Any CPU
		{C32D7C61-54DD-4CF8-B3AF-C6E5B9728358}.Release|iPhone.ActiveCfg = Release|Any CPU
		{C32D7C61-54DD-4CF8-B3AF-C6E5B9728358}.Release|iPhone.Build.0 = Release|Any CPU
		{C32D7C61-54DD-4CF8-B3AF-C6E5B9728358}.Release|iPhone.Deploy.0 = Release|Any CPU
		{C32D7C61-54DD-4CF8-B3AF-C6E5B9728358}.Release|iPhoneSimulator.ActiveCfg = Release|Any CPU
		{C32D7C61-54DD-4CF8-B3AF-C6E5B9728358}.Release|iPhoneSimulator.Build.0 = Release|Any CPU
		{C32D7C61-54DD-4CF8-B3AF-C6E5B9728358}.Release|iPhoneSimulator.Deploy.0 = Release|Any CPU
	EndGlobalSection
	GlobalSection(SolutionProperties) = preSolution
		HideSolutionNode = FALSE
	EndGlobalSection
	GlobalSection(ExtensibilityGlobals) = postSolution
		SolutionGuid = {AD97BD4A-4AAF-4C2A-8457-A8BA688191E2}
	EndGlobalSection
EndGlobal
